<?xml version="1.0" encoding="utf-8"?>
<Project ToolsVersion="4.0" xmlns="http://schemas.microsoft.com/developer/msbuild/2003">
  <ItemGroup>
    <Filter Include="Source Files">
      <UniqueIdentifier>{4FC737F1-C7A5-4376-A066-2A32D752A2FF}</UniqueIdentifier>
      <Extensions>cpp;c;cc;cxx;c++;cppm;ixx;def;odl;idl;hpj;bat;asm;asmx</Extensions>
    </Filter>
    <Filter Include="Header Files">
      <UniqueIdentifier>{93995380-89BD-4b04-88EB-625FBE52EBFB}</UniqueIdentifier>
      <Extensions>h;hh;hpp;hxx;h++;hm;inl;inc;ipp;xsd</Extensions>
    </Filter>
    <Filter Include="Resource Files">
      <UniqueIdentifier>{67DA6AB6-F800-4c08-8B7A-83BB121AAD01}</UniqueIdentifier>
      <Extensions>rc;ico;cur;bmp;dlg;rc2;rct;bin;rgs;gif;jpg;jpeg;jpe;resx;tiff;tif;png;wav;mfcribbon-ms</Extensions>
    </Filter>
  </ItemGroup>
  <ItemGroup>
    <ClCompile Include="main.cpp">
      <Filter>Source Files</Filter>
    </ClCompile>
    <ClCompile Include="Game.cpp">
      <Filter>Source Files</Filter>
    </ClCompile>
    <ClCompile Include="EntityManager.cpp">
      <Filter>Source Files</Filter>
    </ClCompile>
    <ClCompile Include="Vec2.cpp">
      <Filter>Source Files</Filter>
    </ClCompile>
    <ClCompile Include="Scene.cpp">
      <Filter>Source Files</Filter>
    </ClCompile>
    <ClCompile Include="Physics.cpp">
      <Filter>Source Files</Filter>
    </ClCompile>
    <ClCompile Include="Utils.cpp">
      <Filter>Source Files</Filter>
    </ClCompile>
    <ClCompile Include="Window.cpp">
      <Filter>Source Files</Filter>
    </ClCompile>
    <ClCompile Include="Animation.cpp">
      <Filter>Source Files</Filter>
    </ClCompile>
  </ItemGroup>
  <ItemGroup>
    <ClInclude Include="Game.h">
      <Filter>Source Files</Filter>
    </ClInclude>
    <ClInclude Include="EntityManager.h">
      <Filter>Source Files</Filter>
    </ClInclude>
    <ClInclude Include="Entity.h">
      <Filter>Source Files</Filter>
    </ClInclude>
    <ClInclude Include="Vec2.h">
      <Filter>Source Files</Filter>
    </ClInclude>
    <ClInclude Include="Physics.h">
      <Filter>Source Files</Filter>
    </ClInclude>
    <ClInclude Include="Scene.h">
      <Filter>Source Files</Filter>
    </ClInclude>
    <ClInclude Include="Debug.h">
      <Filter>Source Files</Filter>
    </ClInclude>
    <ClInclude Include="Window.h">
      <Filter>Source Files</Filter>
    </ClInclude>
    <ClInclude Include="Assets.h">
      <Filter>Source Files</Filter>
    </ClInclude>
    <ClInclude Include="Utils.h">
      <Filter>Source Files</Filter>
    </ClInclude>
    <ClInclude Include="Animation.h">
      <Filter>Source Files</Filter>
    </ClInclude>
  </ItemGroup>
  <ItemGroup>
    <Text Include="config.txt" />
    <Text Include="level.txt" />
    <Text Include="assets.txt" />
  </ItemGroup>
  <ItemGroup>
    <Image Include="player.png">
      <Filter>Resource Files</Filter>
    </Image>
    <Image Include="ground.png">
      <Filter>Resource Files</Filter>
    </Image>
    <Image Include="exit.png">
      <Filter>Resource Files</Filter>
    </Image>
    <Image Include="assets\dirt-1.png">
      <Filter>Resource Files</Filter>
    </Image>
    <Image Include="assets\dirt-2.png">
      <Filter>Resource Files</Filter>
    </Image>
    <Image Include="assets\dirt-3.png">
      <Filter>Resource Files</Filter>
    </Image>
    <Image Include="assets\dirt-4.png">
      <Filter>Resource Files</Filter>
    </Image>
    <Image Include="assets\dirt-bump.png">
      <Filter>Resource Files</Filter>
    </Image>
    <Image Include="assets\fence-side.png">
      <Filter>Resource Files</Filter>
    </Image>
    <Image Include="assets\fence-top.png">
      <Filter>Resource Files</Filter>
    </Image>
    <Image Include="assets\flower-1.png">
      <Filter>Resource Files</Filter>
    </Image>
    <Image Include="assets\flower-2.png">
      <Filter>Resource Files</Filter>
    </Image>
    <Image Include="assets\flower-3.png">
      <Filter>Resource Files</Filter>
    </Image>
    <Image Include="assets\flower-4.png">
      <Filter>Resource Files</Filter>
    </Image>
    <Image Include="assets\flower-5.png">
      <Filter>Resource Files</Filter>
    </Image>
    <Image Include="assets\flower-6.png">
      <Filter>Resource Files</Filter>
    </Image>
    <Image Include="assets\grass-patch-1.png">
      <Filter>Resource Files</Filter>
    </Image>
    <Image Include="assets\grass-patch-2.png">
      <Filter>Resource Files</Filter>
    </Image>
    <Image Include="assets\grass-patch-3.png">
      <Filter>Resource Files</Filter>
    </Image>
    <Image Include="assets\grass-patch-4.png">
      <Filter>Resource Files</Filter>
    </Image>
    <Image Include="assets\grass-patch-5.png">
      <Filter>Resource Files</Filter>
    </Image>
    <Image Include="assets\grass-patch-6.png">
      <Filter>Resource Files</Filter>
    </Image>
    <Image Include="assets\grass-patch-7.png">
      <Filter>Resource Files</Filter>
    </Image>
    <Image Include="assets\grass-patch-8.png">
      <Filter>Resource Files</Filter>
    </Image>
    <Image Include="assets\grass-patch-9.png">
      <Filter>Resource Files</Filter>
    </Image>
    <Image Include="assets\house.png">
      <Filter>Resource Files</Filter>
    </Image>
    <Image Include="assets\lamp.png">
      <Filter>Resource Files</Filter>
    </Image>
    <Image Include="assets\leaf-1.png">
      <Filter>Resource Files</Filter>
    </Image>
    <Image Include="assets\leaf-2.png">
      <Filter>Resource Files</Filter>
    </Image>
    <Image Include="assets\leaf-3.png">
      <Filter>Resource Files</Filter>
    </Image>
    <Image Include="assets\leaf-4.png">
      <Filter>Resource Files</Filter>
    </Image>
    <Image Include="assets\mushroom-1.png">
      <Filter>Resource Files</Filter>
    </Image>
    <Image Include="assets\mushroom-2.png">
      <Filter>Resource Files</Filter>
    </Image>
    <Image Include="assets\player.png">
      <Filter>Resource Files</Filter>
    </Image>
    <Image Include="assets\rock-1.png">
      <Filter>Resource Files</Filter>
    </Image>
    <Image Include="assets\rock-2.png">
      <Filter>Resource Files</Filter>
    </Image>
    <Image Include="assets\rock-3.png">
      <Filter>Resource Files</Filter>
    </Image>
    <Image Include="assets\rock-4.png">
      <Filter>Resource Files</Filter>
    </Image>
    <Image Include="assets\sign.png">
      <Filter>Resource Files</Filter>
    </Image>
    <Image Include="assets\stump.png">
      <Filter>Resource Files</Filter>
    </Image>
    <Image Include="assets\trail-1.png">
      <Filter>Resource Files</Filter>
    </Image>
    <Image Include="assets\trail-2.png">
      <Filter>Resource Files</Filter>
    </Image>
    <Image Include="assets\trail-3.png">
      <Filter>Resource Files</Filter>
    </Image>
    <Image Include="assets\trail-4.png">
      <Filter>Resource Files</Filter>
    </Image>
    <Image Include="assets\trail-5.png">
      <Filter>Resource Files</Filter>
    </Image>
    <Image Include="assets\trail-6.png">
      <Filter>Resource Files</Filter>
    </Image>
    <Image Include="assets\trail-7.png">
      <Filter>Resource Files</Filter>
    </Image>
    <Image Include="assets\trail-8.png">
      <Filter>Resource Files</Filter>
    </Image>
    <Image Include="assets\trail-9.png">
      <Filter>Resource Files</Filter>
    </Image>
    <Image Include="assets\tree-1.png">
      <Filter>Resource Files</Filter>
    </Image>
    <Image Include="assets\tree-2.png">
      <Filter>Resource Files</Filter>
    </Image>
    <Image Include="assets\tree-3.png">
      <Filter>Resource Files</Filter>
    </Image>
    <Image Include="assets\weed.png">
      <Filter>Resource Files</Filter>
    </Image>
  </ItemGroup>
  <ItemGroup>
    <None Include="SDL2_ttf.dll" />
    <None Include="assets\map.aseprite" />
  </ItemGroup>
  <ItemGroup>
    <Font Include="arial.ttf" />
  </ItemGroup>
</Project>